
Microsoft Visual Studio Solution File, Format Version 12.00
# Visual Studio 14
VisualStudioVersion = 14.0.25420.1
MinimumVisualStudioVersion = 10.0.40219.1
Project("{F2A71F9B-5D33-465A-A702-920D77279786}") = "bowling", "bowling\bowling.fsproj", "{50C82F33-B235-4688-BBF3-E9AD30F61A56}"
EndProject
Project("{F2A71F9B-5D33-465A-A702-920D77279786}") = "bowling.console", "bowling.console\bowling.console.fsproj", "{F0447115-C2C4-4DAD-8D4E-192BBD6617D0}"
EndProject
Project("{F2A71F9B-5D33-465A-A702-920D77279786}") = "bowling.tests", "bowling.tests\bowling.tests.fsproj", "{B1A49879-FFB5-4F8A-A1AB-094DAE5609AB}"
EndProject
Project("{2150E333-8FDC-42A3-9474-1A3956D46DE8}") = ".paket", ".paket", "{92B02FF1-CF91-4899-A0BB-BE06028B8D8D}"
	ProjectSection(SolutionItems) = preProject
		..\paket.dependencies = ..\paket.dependencies
		..\paket.lock = ..\paket.lock
	EndProjectSection
EndProject
Global
	GlobalSection(SolutionConfigurationPlatforms) = preSolution
		Debug|Any CPU = Debug|Any CPU
		Release|Any CPU = Release|Any CPU
	EndGlobalSection
	GlobalSection(ProjectConfigurationPlatforms) = postSolution
		{50C82F33-B235-4688-BBF3-E9AD30F61A56}.Debug|Any CPU.ActiveCfg = Debug|Any CPU
		{50C82F33-B235-4688-BBF3-E9AD30F61A56}.Debug|Any CPU.Build.0 = Debug|Any CPU
		{50C82F33-B235-4688-BBF3-E9AD30F61A56}.Release|Any CPU.ActiveCfg = Release|Any CPU
		{50C82F33-B235-4688-BBF3-E9AD30F61A56}.Release|Any CPU.Build.0 = Release|Any CPU
		{F0447115-C2C4-4DAD-8D4E-192BBD6617D0}.Debug|Any CPU.ActiveCfg = Debug|Any CPU
		{F0447115-C2C4-4DAD-8D4E-192BBD6617D0}.Debug|Any CPU.Build.0 = Debug|Any CPU
		{F0447115-C2C4-4DAD-8D4E-192BBD6617D0}.Release|Any CPU.ActiveCfg = Release|Any CPU
		{F0447115-C2C4-4DAD-8D4E-192BBD6617D0}.Release|Any CPU.Build.0 = Release|Any CPU
		{B1A49879-FFB5-4F8A-A1AB-094DAE5609AB}.Debug|Any CPU.ActiveCfg = Debug|Any CPU
		{B1A49879-FFB5-4F8A-A1AB-094DAE5609AB}.Debug|Any CPU.Build.0 = Debug|Any CPU
		{B1A49879-FFB5-4F8A-A1AB-094DAE5609AB}.Release|Any CPU.ActiveCfg = Release|Any CPU
		{B1A49879-FFB5-4F8A-A1AB-094DAE5609AB}.Release|Any CPU.Build.0 = Release|Any CPU
	EndGlobalSection
	GlobalSection(SolutionProperties) = preSolution
		HideSolutionNode = FALSE
	EndGlobalSection
EndGlobal
